
Microsoft Visual Studio Solution File, Format Version 12.00
# Visual Studio Version 17
VisualStudioVersion = 17.11.35222.181
MinimumVisualStudioVersion = 10.0.40219.1
Project("{FAE04EC0-301F-11D3-BF4B-00C04F79EFBC}") = "hackaton-2024.Server", "hackaton-2024.Server\hackaton-2024.Server.csproj", "{1630948A-A4CB-4DCD-9CA7-48D2EA4E2CFB}"
EndProject
Project("{54A90642-561A-4BB1-A94E-469ADEE60C69}") = "hackaton-2024.client", "hackaton-2024.client\hackaton-2024.client.esproj", "{827F773F-5FC7-4062-98F4-1D2647405627}"
EndProject
Global
	GlobalSection(SolutionConfigurationPlatforms) = preSolution
		Debug|Any CPU = Debug|Any CPU
		Release|Any CPU = Release|Any CPU
	EndGlobalSection
	GlobalSection(ProjectConfigurationPlatforms) = postSolution
		{1630948A-A4CB-4DCD-9CA7-48D2EA4E2CFB}.Debug|Any CPU.ActiveCfg = Debug|Any CPU
		{1630948A-A4CB-4DCD-9CA7-48D2EA4E2CFB}.Debug|Any CPU.Build.0 = Debug|Any CPU
		{1630948A-A4CB-4DCD-9CA7-48D2EA4E2CFB}.Release|Any CPU.ActiveCfg = Release|Any CPU
		{1630948A-A4CB-4DCD-9CA7-48D2EA4E2CFB}.Release|Any CPU.Build.0 = Release|Any CPU
		{827F773F-5FC7-4062-98F4-1D2647405627}.Debug|Any CPU.ActiveCfg = Debug|Any CPU
		{827F773F-5FC7-4062-98F4-1D2647405627}.Debug|Any CPU.Build.0 = Debug|Any CPU
		{827F773F-5FC7-4062-98F4-1D2647405627}.Debug|Any CPU.Deploy.0 = Debug|Any CPU
		{827F773F-5FC7-4062-98F4-1D2647405627}.Release|Any CPU.ActiveCfg = Release|Any CPU
		{827F773F-5FC7-4062-98F4-1D2647405627}.Release|Any CPU.Build.0 = Release|Any CPU
		{827F773F-5FC7-4062-98F4-1D2647405627}.Release|Any CPU.Deploy.0 = Release|Any CPU
	EndGlobalSection
	GlobalSection(SolutionProperties) = preSolution
		HideSolutionNode = FALSE
	EndGlobalSection
	GlobalSection(ExtensibilityGlobals) = postSolution
		SolutionGuid = {81D38747-E1B1-4E91-9927-9A195239F639}
	EndGlobalSection
EndGlobal
